
Microsoft Visual Studio Solution File, Format Version 12.00
# Visual Studio 15
VisualStudioVersion = 15.0.28307.1022
MinimumVisualStudioVersion = 10.0.40219.1
Project("{FAE04EC0-301F-11D3-BF4B-00C04F79EFBC}") = "WebApiJugadores", "WebApiJugadores\WebApiJugadores.csproj", "{0353E5C1-6388-4B16-922B-D7016F02B1B9}"
EndProject
Project("{FAE04EC0-301F-11D3-BF4B-00C04F79EFBC}") = "WebApiJugadores.Tests", "WebApiJugadores.Tests\WebApiJugadores.Tests.csproj", "{3FA8C66A-3BAC-4DDF-AB2A-B52EAE3E14A3}"
EndProject
Global
	GlobalSection(SolutionConfigurationPlatforms) = preSolution
		Debug|Any CPU = Debug|Any CPU
		Release|Any CPU = Release|Any CPU
	EndGlobalSection
	GlobalSection(ProjectConfigurationPlatforms) = postSolution
		{0353E5C1-6388-4B16-922B-D7016F02B1B9}.Debug|Any CPU.ActiveCfg = Debug|Any CPU
		{0353E5C1-6388-4B16-922B-D7016F02B1B9}.Debug|Any CPU.Build.0 = Debug|Any CPU
		{0353E5C1-6388-4B16-922B-D7016F02B1B9}.Release|Any CPU.ActiveCfg = Release|Any CPU
		{0353E5C1-6388-4B16-922B-D7016F02B1B9}.Release|Any CPU.Build.0 = Release|Any CPU
		{3FA8C66A-3BAC-4DDF-AB2A-B52EAE3E14A3}.Debug|Any CPU.ActiveCfg = Debug|Any CPU
		{3FA8C66A-3BAC-4DDF-AB2A-B52EAE3E14A3}.Debug|Any CPU.Build.0 = Debug|Any CPU
		{3FA8C66A-3BAC-4DDF-AB2A-B52EAE3E14A3}.Release|Any CPU.ActiveCfg = Release|Any CPU
		{3FA8C66A-3BAC-4DDF-AB2A-B52EAE3E14A3}.Release|Any CPU.Build.0 = Release|Any CPU
	EndGlobalSection
	GlobalSection(SolutionProperties) = preSolution
		HideSolutionNode = FALSE
	EndGlobalSection
	GlobalSection(ExtensibilityGlobals) = postSolution
		SolutionGuid = {90B6136E-AAD4-4F57-991A-A540BBC783FC}
	EndGlobalSection
EndGlobal
